
Microsoft Visual Studio Solution File, Format Version 12.00
# Visual Studio Version 16
VisualStudioVersion = 16.0.30907.101
MinimumVisualStudioVersion = 10.0.40219.1
Project("{FAE04EC0-301F-11D3-BF4B-00C04F79EFBC}") = "PalindromeCheck", "PalindromeCheck\PalindromeCheck.csproj", "{0317C97E-9584-4757-8FEB-327F29260A3B}"
EndProject
Global
	GlobalSection(SolutionConfigurationPlatforms) = preSolution
		Debug|Any CPU = Debug|Any CPU
		Release|Any CPU = Release|Any CPU
	EndGlobalSection
	GlobalSection(ProjectConfigurationPlatforms) = postSolution
		{0317C97E-9584-4757-8FEB-327F29260A3B}.Debug|Any CPU.ActiveCfg = Debug|Any CPU
		{0317C97E-9584-4757-8FEB-327F29260A3B}.Debug|Any CPU.Build.0 = Debug|Any CPU
		{0317C97E-9584-4757-8FEB-327F29260A3B}.Release|Any CPU.ActiveCfg = Release|Any CPU
		{0317C97E-9584-4757-8FEB-327F29260A3B}.Release|Any CPU.Build.0 = Release|Any CPU
	EndGlobalSection
	GlobalSection(SolutionProperties) = preSolution
		HideSolutionNode = FALSE
	EndGlobalSection
	GlobalSection(ExtensibilityGlobals) = postSolution
		SolutionGuid = {AE4DEA5B-BB5E-4155-810C-4167D76B4577}
	EndGlobalSection
EndGlobal
